
Microsoft Visual Studio Solution File, Format Version 12.00
# Visual Studio Version 17
VisualStudioVersion = 17.3.32922.545
MinimumVisualStudioVersion = 10.0.40219.1
Project("{FAE04EC0-301F-11D3-BF4B-00C04F79EFBC}") = "Automation Coding Challenge", "Automation Coding Challenge\Automation Coding Challenge.csproj", "{11361BD6-07FA-4525-89A6-0785C4FC772A}"
EndProject
Global
	GlobalSection(SolutionConfigurationPlatforms) = preSolution
		Debug|Any CPU = Debug|Any CPU
		Release|Any CPU = Release|Any CPU
	EndGlobalSection
	GlobalSection(ProjectConfigurationPlatforms) = postSolution
		{11361BD6-07FA-4525-89A6-0785C4FC772A}.Debug|Any CPU.ActiveCfg = Debug|Any CPU
		{11361BD6-07FA-4525-89A6-0785C4FC772A}.Debug|Any CPU.Build.0 = Debug|Any CPU
		{11361BD6-07FA-4525-89A6-0785C4FC772A}.Release|Any CPU.ActiveCfg = Release|Any CPU
		{11361BD6-07FA-4525-89A6-0785C4FC772A}.Release|Any CPU.Build.0 = Release|Any CPU
	EndGlobalSection
	GlobalSection(SolutionProperties) = preSolution
		HideSolutionNode = FALSE
	EndGlobalSection
	GlobalSection(ExtensibilityGlobals) = postSolution
		SolutionGuid = {DD816828-6253-4AB9-BA7C-CD77EB83377E}
	EndGlobalSection
EndGlobal
